
Microsoft Visual Studio Solution File, Format Version 12.00
# Visual Studio 2012
Project("{FAE04EC0-301F-11D3-BF4B-00C04F79EFBC}") = "SoftwirePrep.Excercises", "SoftwirePrep.Chapter\SoftwirePrep.Excercises.csproj", "{E98727C3-E7B5-4486-8BD2-5BB37F9435B8}"
EndProject
Project("{FAE04EC0-301F-11D3-BF4B-00C04F79EFBC}") = "SoftwirePrep.Tests", "SoftwirePrep.Chapter07.Test\SoftwirePrep.Tests.csproj", "{A81B74B0-252B-489F-A80A-BD9AAA59232B}"
EndProject
Global
	GlobalSection(SolutionConfigurationPlatforms) = preSolution
		Debug|Any CPU = Debug|Any CPU
		Release|Any CPU = Release|Any CPU
	EndGlobalSection
	GlobalSection(ProjectConfigurationPlatforms) = postSolution
		{E98727C3-E7B5-4486-8BD2-5BB37F9435B8}.Debug|Any CPU.ActiveCfg = Debug|Any CPU
		{E98727C3-E7B5-4486-8BD2-5BB37F9435B8}.Debug|Any CPU.Build.0 = Debug|Any CPU
		{E98727C3-E7B5-4486-8BD2-5BB37F9435B8}.Release|Any CPU.ActiveCfg = Release|Any CPU
		{E98727C3-E7B5-4486-8BD2-5BB37F9435B8}.Release|Any CPU.Build.0 = Release|Any CPU
		{A81B74B0-252B-489F-A80A-BD9AAA59232B}.Debug|Any CPU.ActiveCfg = Debug|Any CPU
		{A81B74B0-252B-489F-A80A-BD9AAA59232B}.Debug|Any CPU.Build.0 = Debug|Any CPU
		{A81B74B0-252B-489F-A80A-BD9AAA59232B}.Release|Any CPU.ActiveCfg = Release|Any CPU
		{A81B74B0-252B-489F-A80A-BD9AAA59232B}.Release|Any CPU.Build.0 = Release|Any CPU
	EndGlobalSection
	GlobalSection(SolutionProperties) = preSolution
		HideSolutionNode = FALSE
	EndGlobalSection
EndGlobal
